Microsoft Visual Studio Solution File, Format Version 12.00
# Visual Studio Version 17
VisualStudioVersion = 17.5.2.0
MinimumVisualStudioVersion = 10.0.40219.1
Project("{FAE04EC0-301F-11D3-BF4B-00C04F79EFBC}") = "secureops-api", "secureops-api.csproj", "{2F726C3B-9D0F-8558-9FF0-A813189F6778}"
EndProject
Global
	GlobalSection(SolutionConfigurationPlatforms) = preSolution
		Debug|Any CPU = Debug|Any CPU
		Release|Any CPU = Release|Any CPU
	EndGlobalSection
	GlobalSection(ProjectConfigurationPlatforms) = postSolution
		{2F726C3B-9D0F-8558-9FF0-A813189F6778}.Debug|Any CPU.ActiveCfg = Debug|Any CPU
		{2F726C3B-9D0F-8558-9FF0-A813189F6778}.Debug|Any CPU.Build.0 = Debug|Any CPU
		{2F726C3B-9D0F-8558-9FF0-A813189F6778}.Release|Any CPU.ActiveCfg = Release|Any CPU
		{2F726C3B-9D0F-8558-9FF0-A813189F6778}.Release|Any CPU.Build.0 = Release|Any CPU
	EndGlobalSection
	GlobalSection(SolutionProperties) = preSolution
		HideSolutionNode = FALSE
	EndGlobalSection
	GlobalSection(ExtensibilityGlobals) = postSolution
		SolutionGuid = {32F38024-BAFF-4292-A106-67D4FD39C08D}
	EndGlobalSection
EndGlobal
